
Microsoft Visual Studio Solution File, Format Version 12.00
# Visual Studio Version 17
VisualStudioVersion = 17.2.32616.157
MinimumVisualStudioVersion = 10.0.40219.1
Project("{9A19103F-16F7-4668-BE54-9A1E7A4F7556}") = "Parcels", "src\Parcels\src\Parcels.csproj", "{539EE0F7-CD1A-4C8D-8905-A29A17FDF5B6}"
EndProject
Global
	GlobalSection(SolutionConfigurationPlatforms) = preSolution
		Debug|Any CPU = Debug|Any CPU
		Release|Any CPU = Release|Any CPU
	EndGlobalSection
	GlobalSection(ProjectConfigurationPlatforms) = postSolution
		{539EE0F7-CD1A-4C8D-8905-A29A17FDF5B6}.Debug|Any CPU.ActiveCfg = Debug|Any CPU
		{539EE0F7-CD1A-4C8D-8905-A29A17FDF5B6}.Debug|Any CPU.Build.0 = Debug|Any CPU
		{539EE0F7-CD1A-4C8D-8905-A29A17FDF5B6}.Release|Any CPU.ActiveCfg = Release|Any CPU
		{539EE0F7-CD1A-4C8D-8905-A29A17FDF5B6}.Release|Any CPU.Build.0 = Release|Any CPU
	EndGlobalSection
	GlobalSection(SolutionProperties) = preSolution
		HideSolutionNode = FALSE
	EndGlobalSection
	GlobalSection(ExtensibilityGlobals) = postSolution
		SolutionGuid = {35F09DA8-9448-44ED-A1C9-89742470846C}
	EndGlobalSection
EndGlobal
